# THIS IS AN AUTOGENERATED FILE. DO NOT EDIT THIS FILE DIRECTLY.
# yarn lockfile v1


"@vuepress/plugin-google-analytics@^1.2.0":
  version "1.2.0"
  resolved "https://registry.npm.taobao.org/@vuepress/plugin-google-analytics/download/@vuepress/plugin-google-analytics-1.2.0.tgz#54555fd14f01a032c5acff04ecbbe0911577d7d0"
  integrity sha1-VFVf0U8BoDLFrP8E7LvgkRV319A=
